<?xml version="1.0" encoding="utf-8"?>
<Project ToolsVersion="4.0" xmlns="http://schemas.microsoft.com/developer/msbuild/2003">
  <ItemGroup>
    <ClCompile Include="Bomb.cpp" />
    <ClCompile Include="Character.cpp" />
    <ClCompile Include="CharacterManager.cpp" />
    <ClCompile Include="ColisionManager.cpp" />
    <ClCompile Include="Enemy.cpp" />
    <ClCompile Include="EnemyHead.cpp" />
    <ClCompile Include="EnemyManager.cpp" />
    <ClCompile Include="EnemyPenguin.cpp" />
    <ClCompile Include="GameScene.cpp" />
    <ClCompile Include="LightManager.cpp" />
    <ClCompile Include="Main.cpp" />
    <ClCompile Include="IG2Object.cpp" />
    <ClCompile Include="MazeCreator.cpp" />
    <ClCompile Include="MazeManager.cpp" />
    <ClCompile Include="OpeningScene.cpp" />
    <ClCompile Include="Player.cpp" />
    <ClCompile Include="PlayerManager.cpp" />
    <ClCompile Include="Scene.cpp" />
    <ClCompile Include="SinbadExample.cpp" />
    <ClCompile Include="Tile.cpp" />
    <ClCompile Include="UIManager.cpp" />
    <ClCompile Include="BombsManager.cpp" />
    <ClCompile Include="SmokeObject.cpp" />
  </ItemGroup>
  <ItemGroup>
    <ClInclude Include="Bomb.h" />
    <ClInclude Include="Character.h" />
    <ClInclude Include="CharacterManager.h" />
    <ClInclude Include="ColisionManager.h" />
    <ClInclude Include="constantes.h" />
    <ClInclude Include="Enemy.h" />
    <ClInclude Include="EnemyHead.h" />
    <ClInclude Include="EnemyManager.h" />
    <ClInclude Include="EnemyPenguin.h" />
    <ClInclude Include="GameScene.h" />
    <ClInclude Include="IG2Object.h" />
    <ClInclude Include="LightManager.h" />
    <ClInclude Include="MazeCreator.h" />
    <ClInclude Include="MazeManager.h" />
    <ClInclude Include="OpeningScene.h" />
    <ClInclude Include="Player.h" />
    <ClInclude Include="PlayerManager.h" />
    <ClInclude Include="ObjectPool.h" />
    <ClInclude Include="Scene.h" />
    <ClInclude Include="SinbadExample.h" />
    <ClInclude Include="Tile.h" />
    <ClInclude Include="UIManager.h" />
    <ClInclude Include="BombsManager.h" />
    <ClInclude Include="SmokeObject.h" />
  </ItemGroup>
</Project>